// !$*UTF8*$!
{
	archiveVersion = 1;
	classes = {
	};
	objectVersion = 46;
	objects = {

/* Begin PBXBuildFile section */
		F50D3F781D9A900C00E12FF1 /* image.png in Resources */ = {isa = PBXBuildFile; fileRef = F50D3F771D9A900C00E12FF1 /* image.png */; };
		F516188F1D9CD8F2008C1989 /* FadeOutShader.fsh in Resources */ = {isa = PBXBuildFile; fileRef = F516188E1D9CD8F2008C1989 /* FadeOutShader.fsh */; };
		F51618911D9CD91F008C1989 /* FadeInShader.fsh in Resources */ = {isa = PBXBuildFile; fileRef = F51618901D9CD91F008C1989 /* FadeInShader.fsh */; };
		F51618931D9CD93A008C1989 /* FadeInOutShader.fsh in Resources */ = {isa = PBXBuildFile; fileRef = F51618921D9CD93A008C1989 /* FadeInOutShader.fsh */; };
		F51618961D9CDC02008C1989 /* OSGIFBarrage.m in Sources */ = {isa = PBXBuildFile; fileRef = F51618951D9CDC02008C1989 /* OSGIFBarrage.m */; };
		F516189B1D9CF71D008C1989 /* 飙泪_1.png in Resources */ = {isa = PBXBuildFile; fileRef = F51618981D9CF71D008C1989 /* 飙泪_1.png */; };
		F516189C1D9CF71D008C1989 /* 飙泪_2.png in Resources */ = {isa = PBXBuildFile; fileRef = F51618991D9CF71D008C1989 /* 飙泪_2.png */; };
		F516189D1D9CF71D008C1989 /* 飙泪_3.png in Resources */ = {isa = PBXBuildFile; fileRef = F516189A1D9CF71D008C1989 /* 飙泪_3.png */; };
		F55B54141D9A6B6500B0784E /* OSImageBarrage.m in Sources */ = {isa = PBXBuildFile; fileRef = F55B54131D9A6B6500B0784E /* OSImageBarrage.m */; };
		F58C736D1D98E7D10009DED9 /* OSEffect.m in Sources */ = {isa = PBXBuildFile; fileRef = F58C736C1D98E7D10009DED9 /* OSEffect.m */; };
		F58C73751D98EDFF0009DED9 /* Cos2Shader.vsh in Resources */ = {isa = PBXBuildFile; fileRef = F58C73711D98EDFF0009DED9 /* Cos2Shader.vsh */; };
		F58C73761D98EDFF0009DED9 /* CosShader.vsh in Resources */ = {isa = PBXBuildFile; fileRef = F58C73721D98EDFF0009DED9 /* CosShader.vsh */; };
		F58C73771D98EDFF0009DED9 /* Sin2Shader.vsh in Resources */ = {isa = PBXBuildFile; fileRef = F58C73731D98EDFF0009DED9 /* Sin2Shader.vsh */; };
		F58C73781D98EDFF0009DED9 /* SinShader.vsh in Resources */ = {isa = PBXBuildFile; fileRef = F58C73741D98EDFF0009DED9 /* SinShader.vsh */; };
		F58C737A1D98F9FA0009DED9 /* SinCosXShader.vsh in Resources */ = {isa = PBXBuildFile; fileRef = F58C73791D98F9FA0009DED9 /* SinCosXShader.vsh */; };
		F58C737C1D98FA650009DED9 /* Sin2xShader.vsh in Resources */ = {isa = PBXBuildFile; fileRef = F58C737B1D98FA650009DED9 /* Sin2xShader.vsh */; };
		F58C737E1D98FB330009DED9 /* SinCon2XShader.vsh in Resources */ = {isa = PBXBuildFile; fileRef = F58C737D1D98FB330009DED9 /* SinCon2XShader.vsh */; };
		F58C73801D98FCB90009DED9 /* XYShader.vsh in Resources */ = {isa = PBXBuildFile; fileRef = F58C737F1D98FCB90009DED9 /* XYShader.vsh */; };
		F58C73821D98FCE30009DED9 /* YXShader.vsh in Resources */ = {isa = PBXBuildFile; fileRef = F58C73811D98FCE30009DED9 /* YXShader.vsh */; };
		F58C73841D9915590009DED9 /* 1.png in Resources */ = {isa = PBXBuildFile; fileRef = F58C73831D9915590009DED9 /* 1.png */; };
		F58C73861D9916420009DED9 /* 2.png in Resources */ = {isa = PBXBuildFile; fileRef = F58C73851D9916420009DED9 /* 2.png */; };
		F5F5C0811D965C56004070D6 /* main.m in Sources */ = {isa = PBXBuildFile; fileRef = F5F5C0801D965C56004070D6 /* main.m */; };
		F5F5C0841D965C56004070D6 /* AppDelegate.m in Sources */ = {isa = PBXBuildFile; fileRef = F5F5C0831D965C56004070D6 /* AppDelegate.m */; };
		F5F5C0871D965C56004070D6 /* ViewController.m in Sources */ = {isa = PBXBuildFile; fileRef = F5F5C0861D965C56004070D6 /* ViewController.m */; };
		F5F5C08A1D965C56004070D6 /* Main.storyboard in Resources */ = {isa = PBXBuildFile; fileRef = F5F5C0881D965C56004070D6 /* Main.storyboard */; };
		F5F5C08C1D965C56004070D6 /* Assets.xcassets in Resources */ = {isa = PBXBuildFile; fileRef = F5F5C08B1D965C56004070D6 /* Assets.xcassets */; };
		F5F5C0A51D965C6D004070D6 /* OSBarrage.m in Sources */ = {isa = PBXBuildFile; fileRef = F5F5C0981D965C6D004070D6 /* OSBarrage.m */; };
		F5F5C0A61D965C6D004070D6 /* OSBarrageFactory.m in Sources */ = {isa = PBXBuildFile; fileRef = F5F5C09A1D965C6D004070D6 /* OSBarrageFactory.m */; };
		F5F5C0A71D965C6D004070D6 /* OSBarrageInfo.m in Sources */ = {isa = PBXBuildFile; fileRef = F5F5C09C1D965C6D004070D6 /* OSBarrageInfo.m */; };
		F5F5C0A91D965C6D004070D6 /* OSShaderManager.m in Sources */ = {isa = PBXBuildFile; fileRef = F5F5C0A01D965C6D004070D6 /* OSShaderManager.m */; };
		F5F5C0AA1D965C6D004070D6 /* OSTextBarrage.m in Sources */ = {isa = PBXBuildFile; fileRef = F5F5C0A21D965C6D004070D6 /* OSTextBarrage.m */; };
		F5F5C0AB1D965C6D004070D6 /* UIImage+OSBarrage.m in Sources */ = {isa = PBXBuildFile; fileRef = F5F5C0A41D965C6D004070D6 /* UIImage+OSBarrage.m */; };
		F5F5C0AE1D965CCE004070D6 /* OSDisplayerController.m in Sources */ = {isa = PBXBuildFile; fileRef = F5F5C0AD1D965CCE004070D6 /* OSDisplayerController.m */; };
		F5F5C0B11D965CD4004070D6 /* Shader.fsh in Resources */ = {isa = PBXBuildFile; fileRef = F5F5C0AF1D965CD4004070D6 /* Shader.fsh */; };
		F5F5C0B21D965CD4004070D6 /* Shader.vsh in Resources */ = {isa = PBXBuildFile; fileRef = F5F5C0B01D965CD4004070D6 /* Shader.vsh */; };
/* End PBXBuildFile section */

/* Begin PBXFileReference section */
		F50D3F771D9A900C00E12FF1 /* image.png */ = {isa = PBXFileReference; lastKnownFileType = image.png; path = image.png; sourceTree = "<group>"; };
		F516188E1D9CD8F2008C1989 /* FadeOutShader.fsh */ = {isa = PBXFileReference; fileEncoding = 4; lastKnownFileType = sourcecode.glsl; path = FadeOutShader.fsh; sourceTree = "<group>"; };
		F51618901D9CD91F008C1989 /* FadeInShader.fsh */ = {isa = PBXFileReference; fileEncoding = 4; lastKnownFileType = sourcecode.glsl; path = FadeInShader.fsh; sourceTree = "<group>"; };
		F51618921D9CD93A008C1989 /* FadeInOutShader.fsh */ = {isa = PBXFileReference; fileEncoding = 4; lastKnownFileType = sourcecode.glsl; path = FadeInOutShader.fsh; sourceTree = "<group>"; };
		F51618941D9CDC02008C1989 /* OSGIFBarrage.h */ = {isa = PBXFileReference; fileEncoding = 4; lastKnownFileType = sourcecode.c.h; path = OSGIFBarrage.h; sourceTree = "<group>"; };
		F51618951D9CDC02008C1989 /* OSGIFBarrage.m */ = {isa = PBXFileReference; fileEncoding = 4; lastKnownFileType = sourcecode.c.objc; path = OSGIFBarrage.m; sourceTree = "<group>"; };
		F51618981D9CF71D008C1989 /* 飙泪_1.png */ = {isa = PBXFileReference; lastKnownFileType = image.png; path = "飙泪_1.png"; sourceTree = "<group>"; };
		F51618991D9CF71D008C1989 /* 飙泪_2.png */ = {isa = PBXFileReference; lastKnownFileType = image.png; path = "飙泪_2.png"; sourceTree = "<group>"; };
		F516189A1D9CF71D008C1989 /* 飙泪_3.png */ = {isa = PBXFileReference; lastKnownFileType = image.png; path = "飙泪_3.png"; sourceTree = "<group>"; };
		F55B54121D9A6B6500B0784E /* OSImageBarrage.h */ = {isa = PBXFileReference; fileEncoding = 4; lastKnownFileType = sourcecode.c.h; path = OSImageBarrage.h; sourceTree = "<group>"; };
		F55B54131D9A6B6500B0784E /* OSImageBarrage.m */ = {isa = PBXFileReference; fileEncoding = 4; lastKnownFileType = sourcecode.c.objc; path = OSImageBarrage.m; sourceTree = "<group>"; };
		F58C736B1D98E7D10009DED9 /* OSEffect.h */ = {isa = PBXFileReference; fileEncoding = 4; lastKnownFileType = sourcecode.c.h; path = OSEffect.h; sourceTree = "<group>"; };
		F58C736C1D98E7D10009DED9 /* OSEffect.m */ = {isa = PBXFileReference; fileEncoding = 4; lastKnownFileType = sourcecode.c.objc; path = OSEffect.m; sourceTree = "<group>"; };
		F58C73711D98EDFF0009DED9 /* Cos2Shader.vsh */ = {isa = PBXFileReference; fileEncoding = 4; lastKnownFileType = sourcecode.glsl; path = Cos2Shader.vsh; sourceTree = "<group>"; };
		F58C73721D98EDFF0009DED9 /* CosShader.vsh */ = {isa = PBXFileReference; fileEncoding = 4; lastKnownFileType = sourcecode.glsl; path = CosShader.vsh; sourceTree = "<group>"; };
		F58C73731D98EDFF0009DED9 /* Sin2Shader.vsh */ = {isa = PBXFileReference; fileEncoding = 4; lastKnownFileType = sourcecode.glsl; path = Sin2Shader.vsh; sourceTree = "<group>"; };
		F58C73741D98EDFF0009DED9 /* SinShader.vsh */ = {isa = PBXFileReference; fileEncoding = 4; lastKnownFileType = sourcecode.glsl; path = SinShader.vsh; sourceTree = "<group>"; };
		F58C73791D98F9FA0009DED9 /* SinCosXShader.vsh */ = {isa = PBXFileReference; fileEncoding = 4; lastKnownFileType = sourcecode.glsl; path = SinCosXShader.vsh; sourceTree = "<group>"; };
		F58C737B1D98FA650009DED9 /* Sin2xShader.vsh */ = {isa = PBXFileReference; fileEncoding = 4; lastKnownFileType = sourcecode.glsl; path = Sin2xShader.vsh; sourceTree = "<group>"; };
		F58C737D1D98FB330009DED9 /* SinCon2XShader.vsh */ = {isa = PBXFileReference; fileEncoding = 4; lastKnownFileType = sourcecode.glsl; path = SinCon2XShader.vsh; sourceTree = "<group>"; };
		F58C737F1D98FCB90009DED9 /* XYShader.vsh */ = {isa = PBXFileReference; fileEncoding = 4; lastKnownFileType = sourcecode.glsl; path = XYShader.vsh; sourceTree = "<group>"; };
		F58C73811D98FCE30009DED9 /* YXShader.vsh */ = {isa = PBXFileReference; fileEncoding = 4; lastKnownFileType = sourcecode.glsl; path = YXShader.vsh; sourceTree = "<group>"; };
		F58C73831D9915590009DED9 /* 1.png */ = {isa = PBXFileReference; lastKnownFileType = image.png; path = 1.png; sourceTree = "<group>"; };
		F58C73851D9916420009DED9 /* 2.png */ = {isa = PBXFileReference; lastKnownFileType = image.png; path = 2.png; sourceTree = "<group>"; };
		F5F5C07C1D965C56004070D6 /* OSGPUBarrage.app */ = {isa = PBXFileReference; explicitFileType = wrapper.application; includeInIndex = 0; path = OSGPUBarrage.app; sourceTree = BUILT_PRODUCTS_DIR; };
		F5F5C0801D965C56004070D6 /* main.m */ = {isa = PBXFileReference; lastKnownFileType = sourcecode.c.objc; path = main.m; sourceTree = "<group>"; };
		F5F5C0821D965C56004070D6 /* AppDelegate.h */ = {isa = PBXFileReference; lastKnownFileType = sourcecode.c.h; path = AppDelegate.h; sourceTree = "<group>"; };
		F5F5C0831D965C56004070D6 /* AppDelegate.m */ = {isa = PBXFileReference; lastKnownFileType = sourcecode.c.objc; path = AppDelegate.m; sourceTree = "<group>"; };
		F5F5C0851D965C56004070D6 /* ViewController.h */ = {isa = PBXFileReference; lastKnownFileType = sourcecode.c.h; path = ViewController.h; sourceTree = "<group>"; };
		F5F5C0861D965C56004070D6 /* ViewController.m */ = {isa = PBXFileReference; lastKnownFileType = sourcecode.c.objc; path = ViewController.m; sourceTree = "<group>"; };
		F5F5C0891D965C56004070D6 /* Base */ = {isa = PBXFileReference; lastKnownFileType = file.storyboard; name = Base; path = Base.lproj/Main.storyboard; sourceTree = "<group>"; };
		F5F5C08B1D965C56004070D6 /* Assets.xcassets */ = {isa = PBXFileReference; lastKnownFileType = folder.assetcatalog; path = Assets.xcassets; sourceTree = "<group>"; };
		F5F5C0901D965C56004070D6 /* Info.plist */ = {isa = PBXFileReference; lastKnownFileType = text.plist.xml; path = Info.plist; sourceTree = "<group>"; };
		F5F5C0971D965C6D004070D6 /* OSBarrage.h */ = {isa = PBXFileReference; fileEncoding = 4; lastKnownFileType = sourcecode.c.h; path = OSBarrage.h; sourceTree = "<group>"; };
		F5F5C0981D965C6D004070D6 /* OSBarrage.m */ = {isa = PBXFileReference; fileEncoding = 4; lastKnownFileType = sourcecode.c.objc; path = OSBarrage.m; sourceTree = "<group>"; };
		F5F5C0991D965C6D004070D6 /* OSBarrageFactory.h */ = {isa = PBXFileReference; fileEncoding = 4; lastKnownFileType = sourcecode.c.h; path = OSBarrageFactory.h; sourceTree = "<group>"; };
		F5F5C09A1D965C6D004070D6 /* OSBarrageFactory.m */ = {isa = PBXFileReference; fileEncoding = 4; lastKnownFileType = sourcecode.c.objc; path = OSBarrageFactory.m; sourceTree = "<group>"; };
		F5F5C09B1D965C6D004070D6 /* OSBarrageInfo.h */ = {isa = PBXFileReference; fileEncoding = 4; lastKnownFileType = sourcecode.c.h; path = OSBarrageInfo.h; sourceTree = "<group>"; };
		F5F5C09C1D965C6D004070D6 /* OSBarrageInfo.m */ = {isa = PBXFileReference; fileEncoding = 4; lastKnownFileType = sourcecode.c.objc; path = OSBarrageInfo.m; sourceTree = "<group>"; };
		F5F5C09F1D965C6D004070D6 /* OSShaderManager.h */ = {isa = PBXFileReference; fileEncoding = 4; lastKnownFileType = sourcecode.c.h; path = OSShaderManager.h; sourceTree = "<group>"; };
		F5F5C0A01D965C6D004070D6 /* OSShaderManager.m */ = {isa = PBXFileReference; fileEncoding = 4; lastKnownFileType = sourcecode.c.objc; path = OSShaderManager.m; sourceTree = "<group>"; };
		F5F5C0A11D965C6D004070D6 /* OSTextBarrage.h */ = {isa = PBXFileReference; fileEncoding = 4; lastKnownFileType = sourcecode.c.h; path = OSTextBarrage.h; sourceTree = "<group>"; };
		F5F5C0A21D965C6D004070D6 /* OSTextBarrage.m */ = {isa = PBXFileReference; fileEncoding = 4; lastKnownFileType = sourcecode.c.objc; path = OSTextBarrage.m; sourceTree = "<group>"; };
		F5F5C0A31D965C6D004070D6 /* UIImage+OSBarrage.h */ = {isa = PBXFileReference; fileEncoding = 4; lastKnownFileType = sourcecode.c.h; path = "UIImage+OSBarrage.h"; sourceTree = "<group>"; };
		F5F5C0A41D965C6D004070D6 /* UIImage+OSBarrage.m */ = {isa = PBXFileReference; fileEncoding = 4; lastKnownFileType = sourcecode.c.objc; path = "UIImage+OSBarrage.m"; sourceTree = "<group>"; };
		F5F5C0AC1D965CCE004070D6 /* OSDisplayerController.h */ = {isa = PBXFileReference; fileEncoding = 4; lastKnownFileType = sourcecode.c.h; path = OSDisplayerController.h; sourceTree = "<group>"; };
		F5F5C0AD1D965CCE004070D6 /* OSDisplayerController.m */ = {isa = PBXFileReference; fileEncoding = 4; lastKnownFileType = sourcecode.c.objc; path = OSDisplayerController.m; sourceTree = "<group>"; };
		F5F5C0AF1D965CD4004070D6 /* Shader.fsh */ = {isa = PBXFileReference; fileEncoding = 4; lastKnownFileType = sourcecode.glsl; path = Shader.fsh; sourceTree = "<group>"; };
		F5F5C0B01D965CD4004070D6 /* Shader.vsh */ = {isa = PBXFileReference; fileEncoding = 4; lastKnownFileType = sourcecode.glsl; path = Shader.vsh; sourceTree = "<group>"; };
		F5F5C0B31D965DE3004070D6 /* README.md */ = {isa = PBXFileReference; lastKnownFileType = net.daringfireball.markdown; path = README.md; sourceTree = "<group>"; };
/* End PBXFileReference section */

/* Begin PBXFrameworksBuildPhase section */
		F5F5C0791D965C56004070D6 /* Frameworks */ = {
			isa = PBXFrameworksBuildPhase;
			buildActionMask = 2147483647;
			files = (
			);
			runOnlyForDeploymentPostprocessing = 0;
		};
/* End PBXFrameworksBuildPhase section */

/* Begin PBXGroup section */
		F51618971D9CF71D008C1989 /* 飙泪 */ = {
			isa = PBXGroup;
			children = (
				F51618981D9CF71D008C1989 /* 飙泪_1.png */,
				F51618991D9CF71D008C1989 /* 飙泪_2.png */,
				F516189A1D9CF71D008C1989 /* 飙泪_3.png */,
			);
			path = "飙泪";
			sourceTree = "<group>";
		};
		F5F5C0731D965C56004070D6 = {
			isa = PBXGroup;
			children = (
				F5F5C0B31D965DE3004070D6 /* README.md */,
				F5F5C0961D965C6D004070D6 /* OSShader */,
				F5F5C07E1D965C56004070D6 /* OSGPUBarrage */,
				F5F5C07D1D965C56004070D6 /* Products */,
			);
			sourceTree = "<group>";
		};
		F5F5C07D1D965C56004070D6 /* Products */ = {
			isa = PBXGroup;
			children = (
				F5F5C07C1D965C56004070D6 /* OSGPUBarrage.app */,
			);
			name = Products;
			sourceTree = "<group>";
		};
		F5F5C07E1D965C56004070D6 /* OSGPUBarrage */ = {
			isa = PBXGroup;
			children = (
				F5F5C0821D965C56004070D6 /* AppDelegate.h */,
				F5F5C0831D965C56004070D6 /* AppDelegate.m */,
				F5F5C0851D965C56004070D6 /* ViewController.h */,
				F5F5C0861D965C56004070D6 /* ViewController.m */,
				F5F5C0881D965C56004070D6 /* Main.storyboard */,
				F5F5C08B1D965C56004070D6 /* Assets.xcassets */,
				F5F5C0901D965C56004070D6 /* Info.plist */,
				F5F5C07F1D965C56004070D6 /* Supporting Files */,
			);
			path = OSGPUBarrage;
			sourceTree = "<group>";
		};
		F5F5C07F1D965C56004070D6 /* Supporting Files */ = {
			isa = PBXGroup;
			children = (
				F5F5C0801D965C56004070D6 /* main.m */,
			);
			name = "Supporting Files";
			sourceTree = "<group>";
		};
		F5F5C0961D965C6D004070D6 /* OSShader */ = {
			isa = PBXGroup;
			children = (
				F51618971D9CF71D008C1989 /* 飙泪 */,
				F50D3F771D9A900C00E12FF1 /* image.png */,
				F58C73831D9915590009DED9 /* 1.png */,
				F58C73851D9916420009DED9 /* 2.png */,
				F5F5C0AF1D965CD4004070D6 /* Shader.fsh */,
				F516188E1D9CD8F2008C1989 /* FadeOutShader.fsh */,
				F51618901D9CD91F008C1989 /* FadeInShader.fsh */,
				F51618921D9CD93A008C1989 /* FadeInOutShader.fsh */,
				F5F5C0B01D965CD4004070D6 /* Shader.vsh */,
				F58C73811D98FCE30009DED9 /* YXShader.vsh */,
				F58C737F1D98FCB90009DED9 /* XYShader.vsh */,
				F58C737D1D98FB330009DED9 /* SinCon2XShader.vsh */,
				F58C73791D98F9FA0009DED9 /* SinCosXShader.vsh */,
				F58C73711D98EDFF0009DED9 /* Cos2Shader.vsh */,
				F58C73721D98EDFF0009DED9 /* CosShader.vsh */,
				F58C73731D98EDFF0009DED9 /* Sin2Shader.vsh */,
				F58C73741D98EDFF0009DED9 /* SinShader.vsh */,
				F58C737B1D98FA650009DED9 /* Sin2xShader.vsh */,
				F5F5C0AC1D965CCE004070D6 /* OSDisplayerController.h */,
				F5F5C0AD1D965CCE004070D6 /* OSDisplayerController.m */,
				F5F5C0991D965C6D004070D6 /* OSBarrageFactory.h */,
				F5F5C09A1D965C6D004070D6 /* OSBarrageFactory.m */,
				F5F5C09F1D965C6D004070D6 /* OSShaderManager.h */,
				F5F5C0A01D965C6D004070D6 /* OSShaderManager.m */,
				F5F5C0A31D965C6D004070D6 /* UIImage+OSBarrage.h */,
				F5F5C0A41D965C6D004070D6 /* UIImage+OSBarrage.m */,
				F58C736B1D98E7D10009DED9 /* OSEffect.h */,
				F58C736C1D98E7D10009DED9 /* OSEffect.m */,
				F5F5C0971D965C6D004070D6 /* OSBarrage.h */,
				F5F5C0981D965C6D004070D6 /* OSBarrage.m */,
				F5F5C0A11D965C6D004070D6 /* OSTextBarrage.h */,
				F5F5C0A21D965C6D004070D6 /* OSTextBarrage.m */,
				F55B54121D9A6B6500B0784E /* OSImageBarrage.h */,
				F55B54131D9A6B6500B0784E /* OSImageBarrage.m */,
				F51618941D9CDC02008C1989 /* OSGIFBarrage.h */,
				F51618951D9CDC02008C1989 /* OSGIFBarrage.m */,
				F5F5C09B1D965C6D004070D6 /* OSBarrageInfo.h */,
				F5F5C09C1D965C6D004070D6 /* OSBarrageInfo.m */,
			);
			path = OSShader;
			sourceTree = "<group>";
		};
/* End PBXGroup section */

/* Begin PBXNativeTarget section */
		F5F5C07B1D965C56004070D6 /* OSGPUBarrage */ = {
			isa = PBXNativeTarget;
			buildConfigurationList = F5F5C0931D965C56004070D6 /* Build configuration list for PBXNativeTarget "OSGPUBarrage" */;
			buildPhases = (
				F5F5C0781D965C56004070D6 /* Sources */,
				F5F5C0791D965C56004070D6 /* Frameworks */,
				F5F5C07A1D965C56004070D6 /* Resources */,
			);
			buildRules = (
			);
			dependencies = (
			);
			name = OSGPUBarrage;
			productName = OSGPUBarrage;
			productReference = F5F5C07C1D965C56004070D6 /* OSGPUBarrage.app */;
			productType = "com.apple.product-type.application";
		};
/* End PBXNativeTarget section */

/* Begin PBXProject section */
		F5F5C0741D965C56004070D6 /* Project object */ = {
			isa = PBXProject;
			attributes = {
				LastUpgradeCheck = 0800;
				ORGANIZATIONNAME = xujie;
				TargetAttributes = {
					F5F5C07B1D965C56004070D6 = {
						CreatedOnToolsVersion = 8.0;
						ProvisioningStyle = Automatic;
					};
				};
			};
			buildConfigurationList = F5F5C0771D965C56004070D6 /* Build configuration list for PBXProject "OSGPUBarrage" */;
			compatibilityVersion = "Xcode 3.2";
			developmentRegion = English;
			hasScannedForEncodings = 0;
			knownRegions = (
				en,
				Base,
			);
			mainGroup = F5F5C0731D965C56004070D6;
			productRefGroup = F5F5C07D1D965C56004070D6 /* Products */;
			projectDirPath = "";
			projectRoot = "";
			targets = (
				F5F5C07B1D965C56004070D6 /* OSGPUBarrage */,
			);
		};
/* End PBXProject section */

/* Begin PBXResourcesBuildPhase section */
		F5F5C07A1D965C56004070D6 /* Resources */ = {
			isa = PBXResourcesBuildPhase;
			buildActionMask = 2147483647;
			files = (
				F58C73801D98FCB90009DED9 /* XYShader.vsh in Resources */,
				F58C73771D98EDFF0009DED9 /* Sin2Shader.vsh in Resources */,
				F5F5C0B11D965CD4004070D6 /* Shader.fsh in Resources */,
				F516189C1D9CF71D008C1989 /* 飙泪_2.png in Resources */,
				F58C73761D98EDFF0009DED9 /* CosShader.vsh in Resources */,
				F58C737A1D98F9FA0009DED9 /* SinCosXShader.vsh in Resources */,
				F58C73781D98EDFF0009DED9 /* SinShader.vsh in Resources */,
				F516189D1D9CF71D008C1989 /* 飙泪_3.png in Resources */,
				F58C73821D98FCE30009DED9 /* YXShader.vsh in Resources */,
				F51618931D9CD93A008C1989 /* FadeInOutShader.fsh in Resources */,
				F5F5C08C1D965C56004070D6 /* Assets.xcassets in Resources */,
				F51618911D9CD91F008C1989 /* FadeInShader.fsh in Resources */,
				F58C73841D9915590009DED9 /* 1.png in Resources */,
				F58C73861D9916420009DED9 /* 2.png in Resources */,
				F58C737C1D98FA650009DED9 /* Sin2xShader.vsh in Resources */,
				F58C737E1D98FB330009DED9 /* SinCon2XShader.vsh in Resources */,
				F516188F1D9CD8F2008C1989 /* FadeOutShader.fsh in Resources */,
				F5F5C08A1D965C56004070D6 /* Main.storyboard in Resources */,
				F5F5C0B21D965CD4004070D6 /* Shader.vsh in Resources */,
				F516189B1D9CF71D008C1989 /* 飙泪_1.png in Resources */,
				F50D3F781D9A900C00E12FF1 /* image.png in Resources */,
				F58C73751D98EDFF0009DED9 /* Cos2Shader.vsh in Resources */,
			);
			runOnlyForDeploymentPostprocessing = 0;
		};
/* End PBXResourcesBuildPhase section */

/* Begin PBXSourcesBuildPhase section */
		F5F5C0781D965C56004070D6 /* Sources */ = {
			isa = PBXSourcesBuildPhase;
			buildActionMask = 2147483647;
			files = (
				F55B54141D9A6B6500B0784E /* OSImageBarrage.m in Sources */,
				F5F5C0A91D965C6D004070D6 /* OSShaderManager.m in Sources */,
				F5F5C0AA1D965C6D004070D6 /* OSTextBarrage.m in Sources */,
				F5F5C0AE1D965CCE004070D6 /* OSDisplayerController.m in Sources */,
				F51618961D9CDC02008C1989 /* OSGIFBarrage.m in Sources */,
				F5F5C0A51D965C6D004070D6 /* OSBarrage.m in Sources */,
				F5F5C0A61D965C6D004070D6 /* OSBarrageFactory.m in Sources */,
				F5F5C0AB1D965C6D004070D6 /* UIImage+OSBarrage.m in Sources */,
				F5F5C0871D965C56004070D6 /* ViewController.m in Sources */,
				F5F5C0841D965C56004070D6 /* AppDelegate.m in Sources */,
				F5F5C0A71D965C6D004070D6 /* OSBarrageInfo.m in Sources */,
				F5F5C0811D965C56004070D6 /* main.m in Sources */,
				F58C736D1D98E7D10009DED9 /* OSEffect.m in Sources */,
			);
			runOnlyForDeploymentPostprocessing = 0;
		};
/* End PBXSourcesBuildPhase section */

/* Begin PBXVariantGroup section */
		F5F5C0881D965C56004070D6 /* Main.storyboard */ = {
			isa = PBXVariantGroup;
			children = (
				F5F5C0891D965C56004070D6 /* Base */,
			);
			name = Main.storyboard;
			sourceTree = "<group>";
		};
/* End PBXVariantGroup section */

/* Begin XCBuildConfiguration section */
		F5F5C0911D965C56004070D6 /* Debug */ = {
			isa = XCBuildConfiguration;
			buildSettings = {
				ALWAYS_SEARCH_USER_PATHS = NO;
				CLANG_ANALYZER_NONNULL = YES;
				CLANG_CXX_LANGUAGE_STANDARD = "gnu++0x";
				CLANG_CXX_LIBRARY = "libc++";
				CLANG_ENABLE_MODULES = YES;
				CLANG_ENABLE_OBJC_ARC = YES;
				CLANG_WARN_BOOL_CONVERSION = YES;
				CLANG_WARN_CONSTANT_CONVERSION = YES;
				CLANG_WARN_DIRECT_OBJC_ISA_USAGE = YES_ERROR;
				CLANG_WARN_DOCUMENTATION_COMMENTS = YES;
				CLANG_WARN_EMPTY_BODY = YES;
				CLANG_WARN_ENUM_CONVERSION = YES;
				CLANG_WARN_INFINITE_RECURSION = YES;
				CLANG_WARN_INT_CONVERSION = YES;
				CLANG_WARN_OBJC_ROOT_CLASS = YES_ERROR;
				CLANG_WARN_SUSPICIOUS_MOVES = YES;
				CLANG_WARN_UNREACHABLE_CODE = YES;
				CLANG_WARN__DUPLICATE_METHOD_MATCH = YES;
				"CODE_SIGN_IDENTITY[sdk=iphoneos*]" = "iPhone Developer";
				COPY_PHASE_STRIP = NO;
				DEBUG_INFORMATION_FORMAT = dwarf;
				ENABLE_STRICT_OBJC_MSGSEND = YES;
				ENABLE_TESTABILITY = YES;
				GCC_C_LANGUAGE_STANDARD = gnu99;
				GCC_DYNAMIC_NO_PIC = NO;
				GCC_NO_COMMON_BLOCKS = YES;
				GCC_OPTIMIZATION_LEVEL = 0;
				GCC_PREPROCESSOR_DEFINITIONS = (
					"DEBUG=1",
					"$(inherited)",
				);
				GCC_WARN_64_TO_32_BIT_CONVERSION = YES;
				GCC_WARN_ABOUT_RETURN_TYPE = YES_ERROR;
				GCC_WARN_UNDECLARED_SELECTOR = YES;
				GCC_WARN_UNINITIALIZED_AUTOS = YES_AGGRESSIVE;
				GCC_WARN_UNUSED_FUNCTION = YES;
				GCC_WARN_UNUSED_VARIABLE = YES;
				IPHONEOS_DEPLOYMENT_TARGET = 10.0;
				MTL_ENABLE_DEBUG_INFO = YES;
				ONLY_ACTIVE_ARCH = YES;
				SDKROOT = iphoneos;
			};
			name = Debug;
		};
		F5F5C0921D965C56004070D6 /* Release */ = {
			isa = XCBuildConfiguration;
			buildSettings = {
				ALWAYS_SEARCH_USER_PATHS = NO;
				CLANG_ANALYZER_NONNULL = YES;
				CLANG_CXX_LANGUAGE_STANDARD = "gnu++0x";
				CLANG_CXX_LIBRARY = "libc++";
				CLANG_ENABLE_MODULES = YES;
				CLANG_ENABLE_OBJC_ARC = YES;
				CLANG_WARN_BOOL_CONVERSION = YES;
				CLANG_WARN_CONSTANT_CONVERSION = YES;
				CLANG_WARN_DIRECT_OBJC_ISA_USAGE = YES_ERROR;
				CLANG_WARN_DOCUMENTATION_COMMENTS = YES;
				CLANG_WARN_EMPTY_BODY = YES;
				CLANG_WARN_ENUM_CONVERSION = YES;
				CLANG_WARN_INFINITE_RECURSION = YES;
				CLANG_WARN_INT_CONVERSION = YES;
				CLANG_WARN_OBJC_ROOT_CLASS = YES_ERROR;
				CLANG_WARN_SUSPICIOUS_MOVES = YES;
				CLANG_WARN_UNREACHABLE_CODE = YES;
				CLANG_WARN__DUPLICATE_METHOD_MATCH = YES;
				"CODE_SIGN_IDENTITY[sdk=iphoneos*]" = "iPhone Developer";
				COPY_PHASE_STRIP = NO;
				DEBUG_INFORMATION_FORMAT = "dwarf-with-dsym";
				ENABLE_NS_ASSERTIONS = NO;
				ENABLE_STRICT_OBJC_MSGSEND = YES;
				GCC_C_LANGUAGE_STANDARD = gnu99;
				GCC_NO_COMMON_BLOCKS = YES;
				GCC_WARN_64_TO_32_BIT_CONVERSION = YES;
				GCC_WARN_ABOUT_RETURN_TYPE = YES_ERROR;
				GCC_WARN_UNDECLARED_SELECTOR = YES;
				GCC_WARN_UNINITIALIZED_AUTOS = YES_AGGRESSIVE;
				GCC_WARN_UNUSED_FUNCTION = YES;
				GCC_WARN_UNUSED_VARIABLE = YES;
				IPHONEOS_DEPLOYMENT_TARGET = 10.0;
				MTL_ENABLE_DEBUG_INFO = NO;
				SDKROOT = iphoneos;
				VALIDATE_PRODUCT = YES;
			};
			name = Release;
		};
		F5F5C0941D965C56004070D6 /* Debug */ = {
			isa = XCBuildConfiguration;
			buildSettings = {
				ASSETCATALOG_COMPILER_APPICON_NAME = AppIcon;
				CODE_SIGN_IDENTITY = "iPhone Developer";
				DEVELOPMENT_TEAM = DWB5MA72P9;
				INFOPLIST_FILE = OSGPUBarrage/Info.plist;
				IPHONEOS_DEPLOYMENT_TARGET = 9.0;
				LD_RUNPATH_SEARCH_PATHS = "$(inherited) @executable_path/Frameworks";
				PRODUCT_BUNDLE_IDENTIFIER = com.xujie.OSGPUBarrage;
				PRODUCT_NAME = "$(TARGET_NAME)";
				PROVISIONING_PROFILE = "be18191f-d31f-41a8-845c-31bb49b5a2eb";
			};
			name = Debug;
		};
		F5F5C0951D965C56004070D6 /* Release */ = {
			isa = XCBuildConfiguration;
			buildSettings = {
				ASSETCATALOG_COMPILER_APPICON_NAME = AppIcon;
				CODE_SIGN_IDENTITY = "iPhone Developer";
				DEVELOPMENT_TEAM = DWB5MA72P9;
				INFOPLIST_FILE = OSGPUBarrage/Info.plist;
				IPHONEOS_DEPLOYMENT_TARGET = 9.0;
				LD_RUNPATH_SEARCH_PATHS = "$(inherited) @executable_path/Frameworks";
				PRODUCT_BUNDLE_IDENTIFIER = com.xujie.OSGPUBarrage;
				PRODUCT_NAME = "$(TARGET_NAME)";
				PROVISIONING_PROFILE = "be18191f-d31f-41a8-845c-31bb49b5a2eb";
			};
			name = Release;
		};
/* End XCBuildConfiguration section */

/* Begin XCConfigurationList section */
		F5F5C0771D965C56004070D6 /* Build configuration list for PBXProject "OSGPUBarrage" */ = {
			isa = XCConfigurationList;
			buildConfigurations = (
				F5F5C0911D965C56004070D6 /* Debug */,
				F5F5C0921D965C56004070D6 /* Release */,
			);
			defaultConfigurationIsVisible = 0;
			defaultConfigurationName = Release;
		};
		F5F5C0931D965C56004070D6 /* Build configuration list for PBXNativeTarget "OSGPUBarrage" */ = {
			isa = XCConfigurationList;
			buildConfigurations = (
				F5F5C0941D965C56004070D6 /* Debug */,
				F5F5C0951D965C56004070D6 /* Release */,
			);
			defaultConfigurationIsVisible = 0;
			defaultConfigurationName = Release;
		};
/* End XCConfigurationList section */
	};
	rootObject = F5F5C0741D965C56004070D6 /* Project object */;
}
